
Microsoft Visual Studio Solution File, Format Version 12.00
Project("{FAE04EC0-301F-11D3-BF4B-00C04F79EFBC}") = "Bakery.Startup", "Bakery.Startup\Bakery.Startup.csproj", "{F53C7409-89EF-4661-8764-D889EB0D61DD}"
EndProject
Project("{FAE04EC0-301F-11D3-BF4B-00C04F79EFBC}") = "Bakery.Domain", "Bakery.Domain\Bakery.Domain.csproj", "{DD3ACDF6-3321-474C-A68E-97FD0CFA3294}"
EndProject
Project("{FAE04EC0-301F-11D3-BF4B-00C04F79EFBC}") = "Bakery.Infrastructure.Storage", "Bakery.Infrastructure.Storage\Bakery.Infrastructure.Storage.csproj", "{543D866B-8CB7-4CD2-9E08-045276B3018B}"
EndProject
Project("{FAE04EC0-301F-11D3-BF4B-00C04F79EFBC}") = "Bakery.Infrastructure.Web", "Bakery.Infrastructure.Web\Bakery.Infrastructure.Web.csproj", "{E8459F79-0C62-43F4-B09C-E55C8FF340F0}"
EndProject
Project("{FAE04EC0-301F-11D3-BF4B-00C04F79EFBC}") = "Bakery.Application", "Bakery.Application\Bakery.Application.csproj", "{A8CC8055-7657-49F0-B8C2-57470E470471}"
EndProject
Project("{2150E333-8FDC-42A3-9474-1A3956D46DE8}") = "Solution Items", "Solution Items", "{8BC201F0-8DAB-4290-A8AF-E27D5EB202B1}"
	ProjectSection(SolutionItems) = preProject
		docker-compose.yml = docker-compose.yml
	EndProjectSection
EndProject
Project("{FAE04EC0-301F-11D3-BF4B-00C04F79EFBC}") = "Bakery.Infrastructure.Identity", "Bakery.Infrastructure.Identity\Bakery.Infrastructure.Identity.csproj", "{8E88EBD1-2C03-485E-A5FD-3F6B76015007}"
EndProject
Project("{2150E333-8FDC-42A3-9474-1A3956D46DE8}") = "Infrastructure", "Infrastructure", "{EAF75FC5-DE0A-4F23-BF31-C9CC86F45217}"
EndProject
Global
	GlobalSection(SolutionConfigurationPlatforms) = preSolution
		Debug|Any CPU = Debug|Any CPU
		Release|Any CPU = Release|Any CPU
	EndGlobalSection
	GlobalSection(ProjectConfigurationPlatforms) = postSolution
		{F53C7409-89EF-4661-8764-D889EB0D61DD}.Debug|Any CPU.ActiveCfg = Debug|Any CPU
		{F53C7409-89EF-4661-8764-D889EB0D61DD}.Debug|Any CPU.Build.0 = Debug|Any CPU
		{F53C7409-89EF-4661-8764-D889EB0D61DD}.Release|Any CPU.ActiveCfg = Release|Any CPU
		{F53C7409-89EF-4661-8764-D889EB0D61DD}.Release|Any CPU.Build.0 = Release|Any CPU
		{DD3ACDF6-3321-474C-A68E-97FD0CFA3294}.Debug|Any CPU.ActiveCfg = Debug|Any CPU
		{DD3ACDF6-3321-474C-A68E-97FD0CFA3294}.Debug|Any CPU.Build.0 = Debug|Any CPU
		{DD3ACDF6-3321-474C-A68E-97FD0CFA3294}.Release|Any CPU.ActiveCfg = Release|Any CPU
		{DD3ACDF6-3321-474C-A68E-97FD0CFA3294}.Release|Any CPU.Build.0 = Release|Any CPU
		{543D866B-8CB7-4CD2-9E08-045276B3018B}.Debug|Any CPU.ActiveCfg = Debug|Any CPU
		{543D866B-8CB7-4CD2-9E08-045276B3018B}.Debug|Any CPU.Build.0 = Debug|Any CPU
		{543D866B-8CB7-4CD2-9E08-045276B3018B}.Release|Any CPU.ActiveCfg = Release|Any CPU
		{543D866B-8CB7-4CD2-9E08-045276B3018B}.Release|Any CPU.Build.0 = Release|Any CPU
		{E8459F79-0C62-43F4-B09C-E55C8FF340F0}.Debug|Any CPU.ActiveCfg = Debug|Any CPU
		{E8459F79-0C62-43F4-B09C-E55C8FF340F0}.Debug|Any CPU.Build.0 = Debug|Any CPU
		{E8459F79-0C62-43F4-B09C-E55C8FF340F0}.Release|Any CPU.ActiveCfg = Release|Any CPU
		{E8459F79-0C62-43F4-B09C-E55C8FF340F0}.Release|Any CPU.Build.0 = Release|Any CPU
		{A8CC8055-7657-49F0-B8C2-57470E470471}.Debug|Any CPU.ActiveCfg = Debug|Any CPU
		{A8CC8055-7657-49F0-B8C2-57470E470471}.Debug|Any CPU.Build.0 = Debug|Any CPU
		{A8CC8055-7657-49F0-B8C2-57470E470471}.Release|Any CPU.ActiveCfg = Release|Any CPU
		{A8CC8055-7657-49F0-B8C2-57470E470471}.Release|Any CPU.Build.0 = Release|Any CPU
		{8E88EBD1-2C03-485E-A5FD-3F6B76015007}.Debug|Any CPU.ActiveCfg = Debug|Any CPU
		{8E88EBD1-2C03-485E-A5FD-3F6B76015007}.Debug|Any CPU.Build.0 = Debug|Any CPU
		{8E88EBD1-2C03-485E-A5FD-3F6B76015007}.Release|Any CPU.ActiveCfg = Release|Any CPU
		{8E88EBD1-2C03-485E-A5FD-3F6B76015007}.Release|Any CPU.Build.0 = Release|Any CPU
	EndGlobalSection
	GlobalSection(NestedProjects) = preSolution
		{8E88EBD1-2C03-485E-A5FD-3F6B76015007} = {EAF75FC5-DE0A-4F23-BF31-C9CC86F45217}
		{543D866B-8CB7-4CD2-9E08-045276B3018B} = {EAF75FC5-DE0A-4F23-BF31-C9CC86F45217}
		{E8459F79-0C62-43F4-B09C-E55C8FF340F0} = {EAF75FC5-DE0A-4F23-BF31-C9CC86F45217}
	EndGlobalSection
EndGlobal
